
Microsoft Visual Studio Solution File, Format Version 12.00
# Visual Studio 15
VisualStudioVersion = 15.0.28307.489
MinimumVisualStudioVersion = 10.0.40219.1
Project("{FAE04EC0-301F-11D3-BF4B-00C04F79EFBC}") = "VideoRental", "VideoRental\VideoRental.csproj", "{32127620-E14D-47E3-A129-D598F092B20B}"
EndProject
Project("{FAE04EC0-301F-11D3-BF4B-00C04F79EFBC}") = "VideoRental.Tests", "VideoRental.Tests\VideoRental.Tests.csproj", "{C1E43A98-DE18-4ABC-9A30-073C905334B5}"
EndProject
Global
	GlobalSection(SolutionConfigurationPlatforms) = preSolution
		Debug|Any CPU = Debug|Any CPU
		Release|Any CPU = Release|Any CPU
	EndGlobalSection
	GlobalSection(ProjectConfigurationPlatforms) = postSolution
		{32127620-E14D-47E3-A129-D598F092B20B}.Debug|Any CPU.ActiveCfg = Debug|Any CPU
		{32127620-E14D-47E3-A129-D598F092B20B}.Debug|Any CPU.Build.0 = Debug|Any CPU
		{32127620-E14D-47E3-A129-D598F092B20B}.Release|Any CPU.ActiveCfg = Release|Any CPU
		{32127620-E14D-47E3-A129-D598F092B20B}.Release|Any CPU.Build.0 = Release|Any CPU
		{C1E43A98-DE18-4ABC-9A30-073C905334B5}.Debug|Any CPU.ActiveCfg = Debug|Any CPU
		{C1E43A98-DE18-4ABC-9A30-073C905334B5}.Debug|Any CPU.Build.0 = Debug|Any CPU
		{C1E43A98-DE18-4ABC-9A30-073C905334B5}.Release|Any CPU.ActiveCfg = Release|Any CPU
		{C1E43A98-DE18-4ABC-9A30-073C905334B5}.Release|Any CPU.Build.0 = Release|Any CPU
	EndGlobalSection
	GlobalSection(SolutionProperties) = preSolution
		HideSolutionNode = FALSE
	EndGlobalSection
	GlobalSection(ExtensibilityGlobals) = postSolution
		SolutionGuid = {540A3B91-B83E-485C-8DC5-CE998CC664FD}
	EndGlobalSection
EndGlobal
